{
  "version": "2",
  "remote": {
    "https://cdn.skypack.dev/-/base64-js@v1.5.1-W9sqY0mF5INkRg7HAvxn/dist=es2019,mode=imports/optimized/base64-js.js": "4566964bb37bf2a057d872b75540c57b181afddb4d1a3360e8f25e9f98259f50",
    "https://cdn.skypack.dev/-/buffer@v6.0.3-9TXtXoOPyENPVOx2wqZk/dist=es2019,mode=imports/optimized/buffer.js": "5a22e1261b940a44afc1294308fd878c87d44af792552cb3042cbbb0217461dd",
    "https://cdn.skypack.dev/-/fast-check@v3.8.0-U4avbB5v775QpW4w1Uh8/dist=es2019,mode=imports/optimized/fast-check.js": "673cb5a18367e9a9ce8a4a587d05d76383fc6d45c70c16431ad1358ea15e3d7e",
    "https://cdn.skypack.dev/-/ieee754@v1.2.1-wxdRuKvQQOTpW1dpWzFI/dist=es2019,mode=imports/optimized/ieee754.js": "d2f73784b95c354f399103302c65c5d0fe52bc869379d322a0b2e1185d2ad3f8",
    "https://cdn.skypack.dev/-/pure-rand@v6.0.1-KvQkqCnRiKNyIC849MPk/dist=es2019,mode=imports/optimized/pure-rand.js": "6e69f9dd41453a1065cc69b4597ebb33891f88ea0ce25fcc4c171e76f0fd769d",
    "https://cdn.skypack.dev/fast-check": "51c7664b6c79f7b5fd64edcc3f1325e4ca6dabe4cf125858a925f41e467b52d0"
  }
}
